
Microsoft Visual Studio Solution File, Format Version 12.00
# Visual Studio Version 17
VisualStudioVersion = 17.5.33516.290
MinimumVisualStudioVersion = 10.0.40219.1
Project("{FAE04EC0-301F-11D3-BF4B-00C04F79EFBC}") = "CoursesDataExtratctor", "CoursesDataExtratctor\CoursesDataExtratctor.csproj", "{527802C9-ED9E-4ED9-9DAC-BFA8A915CC52}"
EndProject
Project("{FAE04EC0-301F-11D3-BF4B-00C04F79EFBC}") = "DataAccessLayer", "DataAccessLayer\DataAccessLayer.csproj", "{2C6B1CDD-8855-4540-8244-248B2B5A9A8B}"
EndProject
Project("{FAE04EC0-301F-11D3-BF4B-00C04F79EFBC}") = "BusinessLogicLayer", "BusinessLogicLayer\BusinessLogicLayer.csproj", "{B84CF540-CC66-459E-B013-121F6A02C687}"
EndProject
Global
	GlobalSection(SolutionConfigurationPlatforms) = preSolution
		Debug|Any CPU = Debug|Any CPU
		Release|Any CPU = Release|Any CPU
	EndGlobalSection
	GlobalSection(ProjectConfigurationPlatforms) = postSolution
		{527802C9-ED9E-4ED9-9DAC-BFA8A915CC52}.Debug|Any CPU.ActiveCfg = Debug|Any CPU
		{527802C9-ED9E-4ED9-9DAC-BFA8A915CC52}.Debug|Any CPU.Build.0 = Debug|Any CPU
		{527802C9-ED9E-4ED9-9DAC-BFA8A915CC52}.Release|Any CPU.ActiveCfg = Release|Any CPU
		{527802C9-ED9E-4ED9-9DAC-BFA8A915CC52}.Release|Any CPU.Build.0 = Release|Any CPU
		{2C6B1CDD-8855-4540-8244-248B2B5A9A8B}.Debug|Any CPU.ActiveCfg = Debug|Any CPU
		{2C6B1CDD-8855-4540-8244-248B2B5A9A8B}.Debug|Any CPU.Build.0 = Debug|Any CPU
		{2C6B1CDD-8855-4540-8244-248B2B5A9A8B}.Release|Any CPU.ActiveCfg = Release|Any CPU
		{2C6B1CDD-8855-4540-8244-248B2B5A9A8B}.Release|Any CPU.Build.0 = Release|Any CPU
		{B84CF540-CC66-459E-B013-121F6A02C687}.Debug|Any CPU.ActiveCfg = Debug|Any CPU
		{B84CF540-CC66-459E-B013-121F6A02C687}.Debug|Any CPU.Build.0 = Debug|Any CPU
		{B84CF540-CC66-459E-B013-121F6A02C687}.Release|Any CPU.ActiveCfg = Release|Any CPU
		{B84CF540-CC66-459E-B013-121F6A02C687}.Release|Any CPU.Build.0 = Release|Any CPU
	EndGlobalSection
	GlobalSection(SolutionProperties) = preSolution
		HideSolutionNode = FALSE
	EndGlobalSection
	GlobalSection(ExtensibilityGlobals) = postSolution
		SolutionGuid = {30A74226-DEA0-430D-80B6-F7A64576971D}
	EndGlobalSection
EndGlobal
